
Microsoft Visual Studio Solution File, Format Version 12.00
# Visual Studio Version 16
VisualStudioVersion = 16.0.31025.194
MinimumVisualStudioVersion = 10.0.40219.1
Project("{FAE04EC0-301F-11D3-BF4B-00C04F79EFBC}") = "Random Name Gen - (Class-Version)", "Random Name Gen - (Class-Version).csproj", "{793949CA-A27E-4710-9D39-AFE006CD64A5}"
EndProject
Global
	GlobalSection(SolutionConfigurationPlatforms) = preSolution
		Debug|Any CPU = Debug|Any CPU
		Release|Any CPU = Release|Any CPU
	EndGlobalSection
	GlobalSection(ProjectConfigurationPlatforms) = postSolution
		{793949CA-A27E-4710-9D39-AFE006CD64A5}.Debug|Any CPU.ActiveCfg = Debug|Any CPU
		{793949CA-A27E-4710-9D39-AFE006CD64A5}.Debug|Any CPU.Build.0 = Debug|Any CPU
		{793949CA-A27E-4710-9D39-AFE006CD64A5}.Release|Any CPU.ActiveCfg = Release|Any CPU
		{793949CA-A27E-4710-9D39-AFE006CD64A5}.Release|Any CPU.Build.0 = Release|Any CPU
	EndGlobalSection
	GlobalSection(SolutionProperties) = preSolution
		HideSolutionNode = FALSE
	EndGlobalSection
	GlobalSection(ExtensibilityGlobals) = postSolution
		SolutionGuid = {3C7E36A7-1AA2-4B48-9CD4-6E0E1EDA6326}
	EndGlobalSection
EndGlobal
